<?xml version="1.0" encoding="utf-8"?>
<Project ToolsVersion="4.0" xmlns="http://schemas.microsoft.com/developer/msbuild/2003">
  <ItemGroup>
    <Filter Include="Source Files">
      <UniqueIdentifier>{4FC737F1-C7A5-4376-A066-2A32D752A2FF}</UniqueIdentifier>
      <Extensions>cpp;c;cc;cxx;def;odl;idl;hpj;bat;asm;asmx</Extensions>
    </Filter>
    <Filter Include="Header Files">
      <UniqueIdentifier>{93995380-89BD-4b04-88EB-625FBE52EBFB}</UniqueIdentifier>
      <Extensions>h;hh;hpp;hxx;hm;inl;inc;xsd</Extensions>
    </Filter>
    <Filter Include="Resource Files">
      <UniqueIdentifier>{67DA6AB6-F800-4c08-8B7A-83BB121AAD01}</UniqueIdentifier>
      <Extensions>rc;ico;cur;bmp;dlg;rc2;rct;bin;rgs;gif;jpg;jpeg;jpe;resx;tiff;tif;png;wav;mfcribbon-ms</Extensions>
    </Filter>
    <Filter Include="RenderingGeometry">
      <UniqueIdentifier>{e36f4110-3318-4b68-9ff6-b002efb85954}</UniqueIdentifier>
    </Filter>
    <Filter Include="Texturing">
      <UniqueIdentifier>{49b4069a-b323-4d99-81ad-3e2dce8764ca}</UniqueIdentifier>
    </Filter>
    <Filter Include="Quaternions">
      <UniqueIdentifier>{aaf155c8-94b2-42b4-810e-7582bc72f95d}</UniqueIdentifier>
    </Filter>
    <Filter Include="GPUParticles">
      <UniqueIdentifier>{0953757f-7383-428a-81c4-babaa5e7401b}</UniqueIdentifier>
    </Filter>
    <Filter Include="RenderTargets">
      <UniqueIdentifier>{34a2a8b5-d2f6-43cf-9dc6-5f6a826206c5}</UniqueIdentifier>
    </Filter>
    <Filter Include="PostProcess">
      <UniqueIdentifier>{e75d88e8-a1ac-493b-9e4f-147022d5c50a}</UniqueIdentifier>
    </Filter>
    <Filter Include="Shadows">
      <UniqueIdentifier>{298635e0-f8f1-4079-88b3-100a9f5f9085}</UniqueIdentifier>
    </Filter>
    <Filter Include="Deferred">
      <UniqueIdentifier>{ae1e56a7-2586-4a41-81da-5ba5b457278f}</UniqueIdentifier>
    </Filter>
  </ItemGroup>
  <ItemGroup>
    <Text Include="ReadMe.txt" />
  </ItemGroup>
  <ItemGroup>
    <ClInclude Include="src\gl_core_4_4.h">
      <Filter>Header Files</Filter>
    </ClInclude>
    <ClInclude Include="src\Gizmos.h">
      <Filter>Header Files</Filter>
    </ClInclude>
    <ClInclude Include="src\Application.h">
      <Filter>Header Files</Filter>
    </ClInclude>
    <ClInclude Include="src\IntroToOpenGL.h">
      <Filter>Header Files</Filter>
    </ClInclude>
    <ClInclude Include="src\CameraAndProjections.h">
      <Filter>Header Files</Filter>
    </ClInclude>
    <ClInclude Include="src\Camera.h">
      <Filter>Header Files</Filter>
    </ClInclude>
    <ClInclude Include="src\RenderingGeometry.h">
      <Filter>RenderingGeometry</Filter>
    </ClInclude>
    <ClInclude Include="src\GLMHeader.h">
      <Filter>Header Files</Filter>
    </ClInclude>
    <ClInclude Include="src\Vertex.h">
      <Filter>RenderingGeometry</Filter>
    </ClInclude>
    <ClInclude Include="src\Utility.h">
      <Filter>Header Files</Filter>
    </ClInclude>
    <ClInclude Include="src\stb_image.h">
      <Filter>Header Files</Filter>
    </ClInclude>
    <ClInclude Include="src\Texturing.h">
      <Filter>Header Files</Filter>
    </ClInclude>
    <ClInclude Include="src\Lighting.h">
      <Filter>Header Files</Filter>
    </ClInclude>
    <ClInclude Include="src\tiny_obj_loader.h">
      <Filter>Header Files</Filter>
    </ClInclude>
    <ClInclude Include="src\AdvancedTexturing.h">
      <Filter>Header Files</Filter>
    </ClInclude>
    <ClInclude Include="deps\AntTweakBar\include\AntTweakBar.h">
      <Filter>Header Files</Filter>
    </ClInclude>
    <ClInclude Include="src\Quaternions.h">
      <Filter>Quaternions</Filter>
    </ClInclude>
    <ClInclude Include="src\BLANK.h">
      <Filter>Header Files</Filter>
    </ClInclude>
    <ClInclude Include="src\Animation.h">
      <Filter>Header Files</Filter>
    </ClInclude>
    <ClInclude Include="deps\FBXLoader\FBXFile.h">
      <Filter>Header Files</Filter>
    </ClInclude>
    <ClInclude Include="src\Particles.h">
      <Filter>Header Files</Filter>
    </ClInclude>
    <ClInclude Include="src\Emitter.h">
      <Filter>Header Files</Filter>
    </ClInclude>
    <ClInclude Include="src\GPUParticles.h">
      <Filter>GPUParticles</Filter>
    </ClInclude>
    <ClInclude Include="src\GPUEmitter.h">
      <Filter>GPUParticles</Filter>
    </ClInclude>
    <ClInclude Include="src\SceneManagement.h">
      <Filter>Header Files</Filter>
    </ClInclude>
    <ClInclude Include="src\AABB.h">
      <Filter>Header Files</Filter>
    </ClInclude>
    <ClInclude Include="src\BoundingSphere.h">
      <Filter>Header Files</Filter>
    </ClInclude>
    <ClInclude Include="src\RenderTargets.h">
      <Filter>RenderTargets</Filter>
    </ClInclude>
    <ClInclude Include="src\PostProcess.h">
      <Filter>PostProcess</Filter>
    </ClInclude>
    <ClInclude Include="src\Shadows.h">
      <Filter>Shadows</Filter>
    </ClInclude>
    <ClInclude Include="src\Deferred.h">
      <Filter>Header Files</Filter>
    </ClInclude>
    <ClInclude Include="src\ProceduralGeneration.h">
      <Filter>Header Files</Filter>
    </ClInclude>
  </ItemGroup>
  <ItemGroup>
    <ClCompile Include="src\gl_core_4_4.c">
      <Filter>Source Files</Filter>
    </ClCompile>
    <ClCompile Include="src\main.cpp">
      <Filter>Source Files</Filter>
    </ClCompile>
    <ClCompile Include="src\Gizmos.cpp">
      <Filter>Source Files</Filter>
    </ClCompile>
    <ClCompile Include="src\Application.cpp">
      <Filter>Source Files</Filter>
    </ClCompile>
    <ClCompile Include="src\IntroToOpenGL.cpp">
      <Filter>Source Files</Filter>
    </ClCompile>
    <ClCompile Include="src\CameraAndProjections.cpp">
      <Filter>Source Files</Filter>
    </ClCompile>
    <ClCompile Include="src\Camera.cpp">
      <Filter>Source Files</Filter>
    </ClCompile>
    <ClCompile Include="src\RenderingGeometry.cpp">
      <Filter>Source Files</Filter>
    </ClCompile>
    <ClCompile Include="src\Utilities.cpp">
      <Filter>Source Files</Filter>
    </ClCompile>
    <ClCompile Include="src\Texturing.cpp">
      <Filter>Source Files</Filter>
    </ClCompile>
    <ClCompile Include="src\Lighting.cpp">
      <Filter>Source Files</Filter>
    </ClCompile>
    <ClCompile Include="src\tiny_obj_loader.cc">
      <Filter>Source Files</Filter>
    </ClCompile>
    <ClCompile Include="src\AdvancedTexturing.cpp">
      <Filter>Source Files</Filter>
    </ClCompile>
    <ClCompile Include="src\Quaternions.cpp">
      <Filter>Source Files</Filter>
    </ClCompile>
    <ClCompile Include="src\BLANK.cpp">
      <Filter>Source Files</Filter>
    </ClCompile>
    <ClCompile Include="src\Animation.cpp">
      <Filter>Source Files</Filter>
    </ClCompile>
    <ClCompile Include="src\Particles.cpp">
      <Filter>Source Files</Filter>
    </ClCompile>
    <ClCompile Include="src\Emitter.cpp">
      <Filter>Source Files</Filter>
    </ClCompile>
    <ClCompile Include="src\GPUParticles.cpp">
      <Filter>Source Files</Filter>
    </ClCompile>
    <ClCompile Include="src\GPUEmitter.cpp">
      <Filter>Source Files</Filter>
    </ClCompile>
    <ClCompile Include="src\SceneManagement.cpp">
      <Filter>Source Files</Filter>
    </ClCompile>
    <ClCompile Include="src\RenderTargets.cpp">
      <Filter>Source Files</Filter>
    </ClCompile>
    <ClCompile Include="src\PostProcess.cpp">
      <Filter>Source Files</Filter>
    </ClCompile>
    <ClCompile Include="src\Shadows.cpp">
      <Filter>Source Files</Filter>
    </ClCompile>
    <ClCompile Include="src\Deferred.cpp">
      <Filter>Deferred</Filter>
    </ClCompile>
    <ClCompile Include="src\ProceduralGeneration.cpp">
      <Filter>Source Files</Filter>
    </ClCompile>
  </ItemGroup>
  <ItemGroup>
    <None Include="data\shaders\basic_fragment.glsl">
      <Filter>Resource Files</Filter>
    </None>
    <None Include="data\shaders\basic_vertex.glsl">
      <Filter>Resource Files</Filter>
    </None>
    <None Include="data\shaders\textured_vertex.glsl">
      <Filter>Resource Files</Filter>
    </None>
    <None Include="data\shaders\textured_fragment.glsl">
      <Filter>Resource Files</Filter>
    </None>
    <None Include="data\shaders\lighting_vertex.glsl">
      <Filter>Resource Files</Filter>
    </None>
    <None Include="data\shaders\lighting_fragment.glsl">
      <Filter>Resource Files</Filter>
    </None>
    <None Include="data\shaders\normal_mapped_vertex.glsl">
      <Filter>Resource Files</Filter>
    </None>
    <None Include="data\shaders\normal_mapped_fragment.glsl">
      <Filter>Resource Files</Filter>
    </None>
    <None Include="data\shaders\skinned_vertex.glsl">
      <Filter>Resource Files</Filter>
    </None>
    <None Include="data\shaders\particle_vertex.glsl">
      <Filter>Resource Files</Filter>
    </None>
    <None Include="data\shaders\particle_fragment.glsl">
      <Filter>Resource Files</Filter>
    </None>
    <None Include="data\shaders\gpu_particle_vertex.glsl">
      <Filter>Resource Files</Filter>
    </None>
    <None Include="data\shaders\gpu_particle_geometry.glsl">
      <Filter>Resource Files</Filter>
    </None>
    <None Include="data\shaders\gpu_particle_fragment.glsl">
      <Filter>Resource Files</Filter>
    </None>
    <None Include="data\shaders\gpu_particle_update_vert.glsl">
      <Filter>Resource Files</Filter>
    </None>
    <None Include="data\shaders\post_vertex.glsl">
      <Filter>Resource Files</Filter>
    </None>
    <None Include="data\shaders\post_fragment.glsl">
      <Filter>Resource Files</Filter>
    </None>
    <None Include="data\shaders\diffuse_shadow_vertex.glsl">
      <Filter>Resource Files</Filter>
    </None>
    <None Include="data\shaders\shadowmap_vertex.glsl">
      <Filter>Resource Files</Filter>
    </None>
    <None Include="data\shaders\shadowmap_fragment.glsl">
      <Filter>Resource Files</Filter>
    </None>
    <None Include="data\shaders\skinned_fragment.glsl">
      <Filter>Resource Files</Filter>
    </None>
    <None Include="data\shaders\diffuse_shadowed_fragment.glsl">
      <Filter>Resource Files</Filter>
    </None>
    <None Include="data\shaders\gbuffer_vertex.glsl">
      <Filter>Resource Files</Filter>
    </None>
    <None Include="data\shaders\gbuffer_fragment.glsl">
      <Filter>Resource Files</Filter>
    </None>
    <None Include="data\shaders\composite_vertex.glsl">
      <Filter>Resource Files</Filter>
    </None>
    <None Include="data\shaders\composite_fragment.glsl">
      <Filter>Resource Files</Filter>
    </None>
    <None Include="data\shaders\directional_light_fragment.glsl">
      <Filter>Resource Files</Filter>
    </None>
    <None Include="data\shaders\point_light_vertex.glsl">
      <Filter>Resource Files</Filter>
    </None>
    <None Include="data\shaders\point_light_fragment.glsl">
      <Filter>Resource Files</Filter>
    </None>
    <None Include="data\shaders\perlin_vertex.glsl">
      <Filter>Resource Files</Filter>
    </None>
    <None Include="data\shaders\perlin_fragment.glsl">
      <Filter>Resource Files</Filter>
    </None>
  </ItemGroup>
</Project>